
Microsoft Visual Studio Solution File, Format Version 12.00
# Visual Studio Version 17
VisualStudioVersion = 17.14.36518.9
MinimumVisualStudioVersion = 10.0.40219.1
Project("{FAE04EC0-301F-11D3-BF4B-00C04F79EFBC}") = "Dados", "Dados\Dados.csproj", "{6033758B-8EF6-4805-8392-44170C5117E8}"
EndProject
Project("{FAE04EC0-301F-11D3-BF4B-00C04F79EFBC}") = "BO", "BO\BO.csproj", "{9FBBC15C-7395-4A34-B8E7-23F9893069F9}"
EndProject
Project("{FAE04EC0-301F-11D3-BF4B-00C04F79EFBC}") = "Regras", "Regras\Regras.csproj", "{A2E39967-61DA-4143-9C17-687545D6F8E5}"
EndProject
Project("{FAE04EC0-301F-11D3-BF4B-00C04F79EFBC}") = "Exceptions", "Exceptions\Exceptions.csproj", "{5667E47D-0116-468A-BEA7-30B0F2728993}"
EndProject
Project("{FAE04EC0-301F-11D3-BF4B-00C04F79EFBC}") = "GereAlojamentoTuristico", "GereAlojamentoTuristico\GereAlojamentoTuristico.csproj", "{07F1E711-005A-4995-8BCA-2BB3C0A782BA}"
EndProject
Project("{FAE04EC0-301F-11D3-BF4B-00C04F79EFBC}") = "Testes", "Testes\Testes.csproj", "{811E0267-55AC-491B-83D1-26395897D55F}"
EndProject
Global
	GlobalSection(SolutionConfigurationPlatforms) = preSolution
		Debug|Any CPU = Debug|Any CPU
		Release|Any CPU = Release|Any CPU
	EndGlobalSection
	GlobalSection(ProjectConfigurationPlatforms) = postSolution
		{6033758B-8EF6-4805-8392-44170C5117E8}.Debug|Any CPU.ActiveCfg = Debug|Any CPU
		{6033758B-8EF6-4805-8392-44170C5117E8}.Debug|Any CPU.Build.0 = Debug|Any CPU
		{6033758B-8EF6-4805-8392-44170C5117E8}.Release|Any CPU.ActiveCfg = Release|Any CPU
		{6033758B-8EF6-4805-8392-44170C5117E8}.Release|Any CPU.Build.0 = Release|Any CPU
		{9FBBC15C-7395-4A34-B8E7-23F9893069F9}.Debug|Any CPU.ActiveCfg = Debug|Any CPU
		{9FBBC15C-7395-4A34-B8E7-23F9893069F9}.Debug|Any CPU.Build.0 = Debug|Any CPU
		{9FBBC15C-7395-4A34-B8E7-23F9893069F9}.Release|Any CPU.ActiveCfg = Release|Any CPU
		{9FBBC15C-7395-4A34-B8E7-23F9893069F9}.Release|Any CPU.Build.0 = Release|Any CPU
		{A2E39967-61DA-4143-9C17-687545D6F8E5}.Debug|Any CPU.ActiveCfg = Debug|Any CPU
		{A2E39967-61DA-4143-9C17-687545D6F8E5}.Debug|Any CPU.Build.0 = Debug|Any CPU
		{A2E39967-61DA-4143-9C17-687545D6F8E5}.Release|Any CPU.ActiveCfg = Release|Any CPU
		{A2E39967-61DA-4143-9C17-687545D6F8E5}.Release|Any CPU.Build.0 = Release|Any CPU
		{5667E47D-0116-468A-BEA7-30B0F2728993}.Debug|Any CPU.ActiveCfg = Debug|Any CPU
		{5667E47D-0116-468A-BEA7-30B0F2728993}.Debug|Any CPU.Build.0 = Debug|Any CPU
		{5667E47D-0116-468A-BEA7-30B0F2728993}.Release|Any CPU.ActiveCfg = Release|Any CPU
		{5667E47D-0116-468A-BEA7-30B0F2728993}.Release|Any CPU.Build.0 = Release|Any CPU
		{07F1E711-005A-4995-8BCA-2BB3C0A782BA}.Debug|Any CPU.ActiveCfg = Debug|Any CPU
		{07F1E711-005A-4995-8BCA-2BB3C0A782BA}.Debug|Any CPU.Build.0 = Debug|Any CPU
		{07F1E711-005A-4995-8BCA-2BB3C0A782BA}.Release|Any CPU.ActiveCfg = Release|Any CPU
		{07F1E711-005A-4995-8BCA-2BB3C0A782BA}.Release|Any CPU.Build.0 = Release|Any CPU
		{811E0267-55AC-491B-83D1-26395897D55F}.Debug|Any CPU.ActiveCfg = Debug|Any CPU
		{811E0267-55AC-491B-83D1-26395897D55F}.Debug|Any CPU.Build.0 = Debug|Any CPU
		{811E0267-55AC-491B-83D1-26395897D55F}.Release|Any CPU.ActiveCfg = Release|Any CPU
		{811E0267-55AC-491B-83D1-26395897D55F}.Release|Any CPU.Build.0 = Release|Any CPU
	EndGlobalSection
	GlobalSection(SolutionProperties) = preSolution
		HideSolutionNode = FALSE
	EndGlobalSection
	GlobalSection(ExtensibilityGlobals) = postSolution
		SolutionGuid = {0EEB3AF8-58F3-42FC-8475-5FF5E9E577F9}
	EndGlobalSection
EndGlobal
